
Microsoft Visual Studio Solution File, Format Version 12.00
# Visual Studio Version 17
VisualStudioVersion = 17.0.31903.59
MinimumVisualStudioVersion = 10.0.40219.1
Project("{2150E333-8FDC-42A3-9474-1A3956D46DE8}") = "src", "src", "{827E0CD3-B72D-47B6-A68D-7590B98EB39B}"
EndProject
Project("{FAE04EC0-301F-11D3-BF4B-00C04F79EFBC}") = "FastOS.Domain", "src\FastOS.Domain\FastOS.Domain.csproj", "{2DAD0F6F-EAF1-43AF-9712-E629EDB9259C}"
EndProject
Project("{FAE04EC0-301F-11D3-BF4B-00C04F79EFBC}") = "FastOS.Infrastructure", "src\FastOS.Infrastructure\FastOS.Infrastructure.csproj", "{71A77F0A-A0B2-4926-8A5B-04C8DEF5A90D}"
EndProject
Project("{FAE04EC0-301F-11D3-BF4B-00C04F79EFBC}") = "FastOS.Application", "src\FastOS.Application\FastOS.Application.csproj", "{8A19430F-4D8C-400B-B7EF-1C645BB8C722}"
EndProject
Project("{FAE04EC0-301F-11D3-BF4B-00C04F79EFBC}") = "FastOS.CrossCutting", "src\FastOS.CrossCutting\FastOS.CrossCutting.csproj", "{E07F9145-92B9-4E6B-B0C0-3DDC1DDFB733}"
EndProject
Project("{FAE04EC0-301F-11D3-BF4B-00C04F79EFBC}") = "FastOS.API", "src\FastOS.API\FastOS.API.csproj", "{7E86A7C5-098D-4A3E-96F0-4B81760F8B7D}"
EndProject
Global
	GlobalSection(SolutionConfigurationPlatforms) = preSolution
		Debug|Any CPU = Debug|Any CPU
		Debug|x64 = Debug|x64
		Debug|x86 = Debug|x86
		Release|Any CPU = Release|Any CPU
		Release|x64 = Release|x64
		Release|x86 = Release|x86
	EndGlobalSection
	GlobalSection(ProjectConfigurationPlatforms) = postSolution
		{2DAD0F6F-EAF1-43AF-9712-E629EDB9259C}.Debug|Any CPU.ActiveCfg = Debug|Any CPU
		{2DAD0F6F-EAF1-43AF-9712-E629EDB9259C}.Debug|Any CPU.Build.0 = Debug|Any CPU
		{2DAD0F6F-EAF1-43AF-9712-E629EDB9259C}.Debug|x64.ActiveCfg = Debug|Any CPU
		{2DAD0F6F-EAF1-43AF-9712-E629EDB9259C}.Debug|x64.Build.0 = Debug|Any CPU
		{2DAD0F6F-EAF1-43AF-9712-E629EDB9259C}.Debug|x86.ActiveCfg = Debug|Any CPU
		{2DAD0F6F-EAF1-43AF-9712-E629EDB9259C}.Debug|x86.Build.0 = Debug|Any CPU
		{2DAD0F6F-EAF1-43AF-9712-E629EDB9259C}.Release|Any CPU.ActiveCfg = Release|Any CPU
		{2DAD0F6F-EAF1-43AF-9712-E629EDB9259C}.Release|Any CPU.Build.0 = Release|Any CPU
		{2DAD0F6F-EAF1-43AF-9712-E629EDB9259C}.Release|x64.ActiveCfg = Release|Any CPU
		{2DAD0F6F-EAF1-43AF-9712-E629EDB9259C}.Release|x64.Build.0 = Release|Any CPU
		{2DAD0F6F-EAF1-43AF-9712-E629EDB9259C}.Release|x86.ActiveCfg = Release|Any CPU
		{2DAD0F6F-EAF1-43AF-9712-E629EDB9259C}.Release|x86.Build.0 = Release|Any CPU
		{71A77F0A-A0B2-4926-8A5B-04C8DEF5A90D}.Debug|Any CPU.ActiveCfg = Debug|Any CPU
		{71A77F0A-A0B2-4926-8A5B-04C8DEF5A90D}.Debug|Any CPU.Build.0 = Debug|Any CPU
		{71A77F0A-A0B2-4926-8A5B-04C8DEF5A90D}.Debug|x64.ActiveCfg = Debug|Any CPU
		{71A77F0A-A0B2-4926-8A5B-04C8DEF5A90D}.Debug|x64.Build.0 = Debug|Any CPU
		{71A77F0A-A0B2-4926-8A5B-04C8DEF5A90D}.Debug|x86.ActiveCfg = Debug|Any CPU
		{71A77F0A-A0B2-4926-8A5B-04C8DEF5A90D}.Debug|x86.Build.0 = Debug|Any CPU
		{71A77F0A-A0B2-4926-8A5B-04C8DEF5A90D}.Release|Any CPU.ActiveCfg = Release|Any CPU
		{71A77F0A-A0B2-4926-8A5B-04C8DEF5A90D}.Release|Any CPU.Build.0 = Release|Any CPU
		{71A77F0A-A0B2-4926-8A5B-04C8DEF5A90D}.Release|x64.ActiveCfg = Release|Any CPU
		{71A77F0A-A0B2-4926-8A5B-04C8DEF5A90D}.Release|x64.Build.0 = Release|Any CPU
		{71A77F0A-A0B2-4926-8A5B-04C8DEF5A90D}.Release|x86.ActiveCfg = Release|Any CPU
		{71A77F0A-A0B2-4926-8A5B-04C8DEF5A90D}.Release|x86.Build.0 = Release|Any CPU
		{8A19430F-4D8C-400B-B7EF-1C645BB8C722}.Debug|Any CPU.ActiveCfg = Debug|Any CPU
		{8A19430F-4D8C-400B-B7EF-1C645BB8C722}.Debug|Any CPU.Build.0 = Debug|Any CPU
		{8A19430F-4D8C-400B-B7EF-1C645BB8C722}.Debug|x64.ActiveCfg = Debug|Any CPU
		{8A19430F-4D8C-400B-B7EF-1C645BB8C722}.Debug|x64.Build.0 = Debug|Any CPU
		{8A19430F-4D8C-400B-B7EF-1C645BB8C722}.Debug|x86.ActiveCfg = Debug|Any CPU
		{8A19430F-4D8C-400B-B7EF-1C645BB8C722}.Debug|x86.Build.0 = Debug|Any CPU
		{8A19430F-4D8C-400B-B7EF-1C645BB8C722}.Release|Any CPU.ActiveCfg = Release|Any CPU
		{8A19430F-4D8C-400B-B7EF-1C645BB8C722}.Release|Any CPU.Build.0 = Release|Any CPU
		{8A19430F-4D8C-400B-B7EF-1C645BB8C722}.Release|x64.ActiveCfg = Release|Any CPU
		{8A19430F-4D8C-400B-B7EF-1C645BB8C722}.Release|x64.Build.0 = Release|Any CPU
		{8A19430F-4D8C-400B-B7EF-1C645BB8C722}.Release|x86.ActiveCfg = Release|Any CPU
		{8A19430F-4D8C-400B-B7EF-1C645BB8C722}.Release|x86.Build.0 = Release|Any CPU
		{E07F9145-92B9-4E6B-B0C0-3DDC1DDFB733}.Debug|Any CPU.ActiveCfg = Debug|Any CPU
		{E07F9145-92B9-4E6B-B0C0-3DDC1DDFB733}.Debug|Any CPU.Build.0 = Debug|Any CPU
		{E07F9145-92B9-4E6B-B0C0-3DDC1DDFB733}.Debug|x64.ActiveCfg = Debug|Any CPU
		{E07F9145-92B9-4E6B-B0C0-3DDC1DDFB733}.Debug|x64.Build.0 = Debug|Any CPU
		{E07F9145-92B9-4E6B-B0C0-3DDC1DDFB733}.Debug|x86.ActiveCfg = Debug|Any CPU
		{E07F9145-92B9-4E6B-B0C0-3DDC1DDFB733}.Debug|x86.Build.0 = Debug|Any CPU
		{E07F9145-92B9-4E6B-B0C0-3DDC1DDFB733}.Release|Any CPU.ActiveCfg = Release|Any CPU
		{E07F9145-92B9-4E6B-B0C0-3DDC1DDFB733}.Release|Any CPU.Build.0 = Release|Any CPU
		{E07F9145-92B9-4E6B-B0C0-3DDC1DDFB733}.Release|x64.ActiveCfg = Release|Any CPU
		{E07F9145-92B9-4E6B-B0C0-3DDC1DDFB733}.Release|x64.Build.0 = Release|Any CPU
		{E07F9145-92B9-4E6B-B0C0-3DDC1DDFB733}.Release|x86.ActiveCfg = Release|Any CPU
		{E07F9145-92B9-4E6B-B0C0-3DDC1DDFB733}.Release|x86.Build.0 = Release|Any CPU
		{7E86A7C5-098D-4A3E-96F0-4B81760F8B7D}.Debug|Any CPU.ActiveCfg = Debug|Any CPU
		{7E86A7C5-098D-4A3E-96F0-4B81760F8B7D}.Debug|Any CPU.Build.0 = Debug|Any CPU
		{7E86A7C5-098D-4A3E-96F0-4B81760F8B7D}.Debug|x64.ActiveCfg = Debug|Any CPU
		{7E86A7C5-098D-4A3E-96F0-4B81760F8B7D}.Debug|x64.Build.0 = Debug|Any CPU
		{7E86A7C5-098D-4A3E-96F0-4B81760F8B7D}.Debug|x86.ActiveCfg = Debug|Any CPU
		{7E86A7C5-098D-4A3E-96F0-4B81760F8B7D}.Debug|x86.Build.0 = Debug|Any CPU
		{7E86A7C5-098D-4A3E-96F0-4B81760F8B7D}.Release|Any CPU.ActiveCfg = Release|Any CPU
		{7E86A7C5-098D-4A3E-96F0-4B81760F8B7D}.Release|Any CPU.Build.0 = Release|Any CPU
		{7E86A7C5-098D-4A3E-96F0-4B81760F8B7D}.Release|x64.ActiveCfg = Release|Any CPU
		{7E86A7C5-098D-4A3E-96F0-4B81760F8B7D}.Release|x64.Build.0 = Release|Any CPU
		{7E86A7C5-098D-4A3E-96F0-4B81760F8B7D}.Release|x86.ActiveCfg = Release|Any CPU
		{7E86A7C5-098D-4A3E-96F0-4B81760F8B7D}.Release|x86.Build.0 = Release|Any CPU
	EndGlobalSection
	GlobalSection(SolutionProperties) = preSolution
		HideSolutionNode = FALSE
	EndGlobalSection
	GlobalSection(NestedProjects) = preSolution
		{2DAD0F6F-EAF1-43AF-9712-E629EDB9259C} = {827E0CD3-B72D-47B6-A68D-7590B98EB39B}
		{71A77F0A-A0B2-4926-8A5B-04C8DEF5A90D} = {827E0CD3-B72D-47B6-A68D-7590B98EB39B}
		{8A19430F-4D8C-400B-B7EF-1C645BB8C722} = {827E0CD3-B72D-47B6-A68D-7590B98EB39B}
		{E07F9145-92B9-4E6B-B0C0-3DDC1DDFB733} = {827E0CD3-B72D-47B6-A68D-7590B98EB39B}
		{7E86A7C5-098D-4A3E-96F0-4B81760F8B7D} = {827E0CD3-B72D-47B6-A68D-7590B98EB39B}
	EndGlobalSection
EndGlobal
